
Microsoft Visual Studio Solution File, Format Version 12.00
# Visual Studio Version 17
VisualStudioVersion = 17.0.31903.59
MinimumVisualStudioVersion = 10.0.40219.1
Project("{2150E333-8FDC-42A3-9474-1A3956D46DE8}") = "src", "src", "{827E0CD3-B72D-47B6-A68D-7590B98EB39B}"
EndProject
Project("{FAE04EC0-301F-11D3-BF4B-00C04F79EFBC}") = "Api", "src\Api\Api.csproj", "{DE181400-A049-4375-83A0-50CA32EDCC3E}"
EndProject
Project("{FAE04EC0-301F-11D3-BF4B-00C04F79EFBC}") = "Application", "src\Application\Application.csproj", "{E41F6836-68B1-4B45-B133-8AF11E689746}"
EndProject
Project("{FAE04EC0-301F-11D3-BF4B-00C04F79EFBC}") = "Domain", "src\Domain\Domain.csproj", "{8EC42E7F-E25A-4A44-85E3-D7A564A72961}"
EndProject
Project("{FAE04EC0-301F-11D3-BF4B-00C04F79EFBC}") = "Persistence", "src\Persistence\Persistence.csproj", "{F258FFBB-6324-4C1D-822B-87DD57A63106}"
EndProject
Project("{FAE04EC0-301F-11D3-BF4B-00C04F79EFBC}") = "Shared", "src\Shared\Shared.csproj", "{56C5F11D-35FC-45C4-924C-0D32B61594B0}"
EndProject
Global
	GlobalSection(SolutionConfigurationPlatforms) = preSolution
		Debug|Any CPU = Debug|Any CPU
		Debug|x64 = Debug|x64
		Debug|x86 = Debug|x86
		Release|Any CPU = Release|Any CPU
		Release|x64 = Release|x64
		Release|x86 = Release|x86
	EndGlobalSection
	GlobalSection(ProjectConfigurationPlatforms) = postSolution
		{DE181400-A049-4375-83A0-50CA32EDCC3E}.Debug|Any CPU.ActiveCfg = Debug|Any CPU
		{DE181400-A049-4375-83A0-50CA32EDCC3E}.Debug|Any CPU.Build.0 = Debug|Any CPU
		{DE181400-A049-4375-83A0-50CA32EDCC3E}.Debug|x64.ActiveCfg = Debug|Any CPU
		{DE181400-A049-4375-83A0-50CA32EDCC3E}.Debug|x64.Build.0 = Debug|Any CPU
		{DE181400-A049-4375-83A0-50CA32EDCC3E}.Debug|x86.ActiveCfg = Debug|Any CPU
		{DE181400-A049-4375-83A0-50CA32EDCC3E}.Debug|x86.Build.0 = Debug|Any CPU
		{DE181400-A049-4375-83A0-50CA32EDCC3E}.Release|Any CPU.ActiveCfg = Release|Any CPU
		{DE181400-A049-4375-83A0-50CA32EDCC3E}.Release|Any CPU.Build.0 = Release|Any CPU
		{DE181400-A049-4375-83A0-50CA32EDCC3E}.Release|x64.ActiveCfg = Release|Any CPU
		{DE181400-A049-4375-83A0-50CA32EDCC3E}.Release|x64.Build.0 = Release|Any CPU
		{DE181400-A049-4375-83A0-50CA32EDCC3E}.Release|x86.ActiveCfg = Release|Any CPU
		{DE181400-A049-4375-83A0-50CA32EDCC3E}.Release|x86.Build.0 = Release|Any CPU
		{E41F6836-68B1-4B45-B133-8AF11E689746}.Debug|Any CPU.ActiveCfg = Debug|Any CPU
		{E41F6836-68B1-4B45-B133-8AF11E689746}.Debug|Any CPU.Build.0 = Debug|Any CPU
		{E41F6836-68B1-4B45-B133-8AF11E689746}.Debug|x64.ActiveCfg = Debug|Any CPU
		{E41F6836-68B1-4B45-B133-8AF11E689746}.Debug|x64.Build.0 = Debug|Any CPU
		{E41F6836-68B1-4B45-B133-8AF11E689746}.Debug|x86.ActiveCfg = Debug|Any CPU
		{E41F6836-68B1-4B45-B133-8AF11E689746}.Debug|x86.Build.0 = Debug|Any CPU
		{E41F6836-68B1-4B45-B133-8AF11E689746}.Release|Any CPU.ActiveCfg = Release|Any CPU
		{E41F6836-68B1-4B45-B133-8AF11E689746}.Release|Any CPU.Build.0 = Release|Any CPU
		{E41F6836-68B1-4B45-B133-8AF11E689746}.Release|x64.ActiveCfg = Release|Any CPU
		{E41F6836-68B1-4B45-B133-8AF11E689746}.Release|x64.Build.0 = Release|Any CPU
		{E41F6836-68B1-4B45-B133-8AF11E689746}.Release|x86.ActiveCfg = Release|Any CPU
		{E41F6836-68B1-4B45-B133-8AF11E689746}.Release|x86.Build.0 = Release|Any CPU
		{8EC42E7F-E25A-4A44-85E3-D7A564A72961}.Debug|Any CPU.ActiveCfg = Debug|Any CPU
		{8EC42E7F-E25A-4A44-85E3-D7A564A72961}.Debug|Any CPU.Build.0 = Debug|Any CPU
		{8EC42E7F-E25A-4A44-85E3-D7A564A72961}.Debug|x64.ActiveCfg = Debug|Any CPU
		{8EC42E7F-E25A-4A44-85E3-D7A564A72961}.Debug|x64.Build.0 = Debug|Any CPU
		{8EC42E7F-E25A-4A44-85E3-D7A564A72961}.Debug|x86.ActiveCfg = Debug|Any CPU
		{8EC42E7F-E25A-4A44-85E3-D7A564A72961}.Debug|x86.Build.0 = Debug|Any CPU
		{8EC42E7F-E25A-4A44-85E3-D7A564A72961}.Release|Any CPU.ActiveCfg = Release|Any CPU
		{8EC42E7F-E25A-4A44-85E3-D7A564A72961}.Release|Any CPU.Build.0 = Release|Any CPU
		{8EC42E7F-E25A-4A44-85E3-D7A564A72961}.Release|x64.ActiveCfg = Release|Any CPU
		{8EC42E7F-E25A-4A44-85E3-D7A564A72961}.Release|x64.Build.0 = Release|Any CPU
		{8EC42E7F-E25A-4A44-85E3-D7A564A72961}.Release|x86.ActiveCfg = Release|Any CPU
		{8EC42E7F-E25A-4A44-85E3-D7A564A72961}.Release|x86.Build.0 = Release|Any CPU
		{F258FFBB-6324-4C1D-822B-87DD57A63106}.Debug|Any CPU.ActiveCfg = Debug|Any CPU
		{F258FFBB-6324-4C1D-822B-87DD57A63106}.Debug|Any CPU.Build.0 = Debug|Any CPU
		{F258FFBB-6324-4C1D-822B-87DD57A63106}.Debug|x64.ActiveCfg = Debug|Any CPU
		{F258FFBB-6324-4C1D-822B-87DD57A63106}.Debug|x64.Build.0 = Debug|Any CPU
		{F258FFBB-6324-4C1D-822B-87DD57A63106}.Debug|x86.ActiveCfg = Debug|Any CPU
		{F258FFBB-6324-4C1D-822B-87DD57A63106}.Debug|x86.Build.0 = Debug|Any CPU
		{F258FFBB-6324-4C1D-822B-87DD57A63106}.Release|Any CPU.ActiveCfg = Release|Any CPU
		{F258FFBB-6324-4C1D-822B-87DD57A63106}.Release|Any CPU.Build.0 = Release|Any CPU
		{F258FFBB-6324-4C1D-822B-87DD57A63106}.Release|x64.ActiveCfg = Release|Any CPU
		{F258FFBB-6324-4C1D-822B-87DD57A63106}.Release|x64.Build.0 = Release|Any CPU
		{F258FFBB-6324-4C1D-822B-87DD57A63106}.Release|x86.ActiveCfg = Release|Any CPU
		{F258FFBB-6324-4C1D-822B-87DD57A63106}.Release|x86.Build.0 = Release|Any CPU
		{56C5F11D-35FC-45C4-924C-0D32B61594B0}.Debug|Any CPU.ActiveCfg = Debug|Any CPU
		{56C5F11D-35FC-45C4-924C-0D32B61594B0}.Debug|Any CPU.Build.0 = Debug|Any CPU
		{56C5F11D-35FC-45C4-924C-0D32B61594B0}.Debug|x64.ActiveCfg = Debug|Any CPU
		{56C5F11D-35FC-45C4-924C-0D32B61594B0}.Debug|x64.Build.0 = Debug|Any CPU
		{56C5F11D-35FC-45C4-924C-0D32B61594B0}.Debug|x86.ActiveCfg = Debug|Any CPU
		{56C5F11D-35FC-45C4-924C-0D32B61594B0}.Debug|x86.Build.0 = Debug|Any CPU
		{56C5F11D-35FC-45C4-924C-0D32B61594B0}.Release|Any CPU.ActiveCfg = Release|Any CPU
		{56C5F11D-35FC-45C4-924C-0D32B61594B0}.Release|Any CPU.Build.0 = Release|Any CPU
		{56C5F11D-35FC-45C4-924C-0D32B61594B0}.Release|x64.ActiveCfg = Release|Any CPU
		{56C5F11D-35FC-45C4-924C-0D32B61594B0}.Release|x64.Build.0 = Release|Any CPU
		{56C5F11D-35FC-45C4-924C-0D32B61594B0}.Release|x86.ActiveCfg = Release|Any CPU
		{56C5F11D-35FC-45C4-924C-0D32B61594B0}.Release|x86.Build.0 = Release|Any CPU
	EndGlobalSection
	GlobalSection(SolutionProperties) = preSolution
		HideSolutionNode = FALSE
	EndGlobalSection
	GlobalSection(NestedProjects) = preSolution
		{DE181400-A049-4375-83A0-50CA32EDCC3E} = {827E0CD3-B72D-47B6-A68D-7590B98EB39B}
		{E41F6836-68B1-4B45-B133-8AF11E689746} = {827E0CD3-B72D-47B6-A68D-7590B98EB39B}
		{8EC42E7F-E25A-4A44-85E3-D7A564A72961} = {827E0CD3-B72D-47B6-A68D-7590B98EB39B}
		{F258FFBB-6324-4C1D-822B-87DD57A63106} = {827E0CD3-B72D-47B6-A68D-7590B98EB39B}
		{56C5F11D-35FC-45C4-924C-0D32B61594B0} = {827E0CD3-B72D-47B6-A68D-7590B98EB39B}
	EndGlobalSection
EndGlobal
